// !$*UTF8*$!
{
	archiveVersion = 1;
	classes = {
	};
	objectVersion = 50;
	objects = {

/* Begin PBXBuildFile section */
		0107BC67210225B900F170A7 /* Constants.swift in Sources */ = {isa = PBXBuildFile; fileRef = 0107BC66210225B900F170A7 /* Constants.swift */; };
		0107BC6921026C6600F170A7 /* TinderImageView.swift in Sources */ = {isa = PBXBuildFile; fileRef = 0107BC6821026C6600F170A7 /* TinderImageView.swift */; };
		0107BC6B2102706A00F170A7 /* PostsVC+TinderImageViewDelegate.swift in Sources */ = {isa = PBXBuildFile; fileRef = 0107BC6A2102706A00F170A7 /* PostsVC+TinderImageViewDelegate.swift */; };
		0107BCA72106774900F170A7 /* SettingsMenu.swift in Sources */ = {isa = PBXBuildFile; fileRef = 0107BCA62106774900F170A7 /* SettingsMenu.swift */; };
		0107BCA92106822300F170A7 /* MenuSettingCell.swift in Sources */ = {isa = PBXBuildFile; fileRef = 0107BCA82106822300F170A7 /* MenuSettingCell.swift */; };
		0118117F20FFD7E000CBC258 /* PhotoDownloadManager.swift in Sources */ = {isa = PBXBuildFile; fileRef = 0118117E20FFD7E000CBC258 /* PhotoDownloadManager.swift */; };
		011811812101008200CBC258 /* Extensions.swift in Sources */ = {isa = PBXBuildFile; fileRef = 011811802101008200CBC258 /* Extensions.swift */; };
		011811842101296C00CBC258 /* PostsVC+PhotoDownloadDelegate.swift in Sources */ = {isa = PBXBuildFile; fileRef = 011811832101296C00CBC258 /* PostsVC+PhotoDownloadDelegate.swift */; };
		01285A0520E02BCD002CF548 /* TakePictureViewController.swift in Sources */ = {isa = PBXBuildFile; fileRef = 01285A0420E02BCD002CF548 /* TakePictureViewController.swift */; };
		017A9F9E210A73AB0010396E /* PhotoUpdateManager.swift in Sources */ = {isa = PBXBuildFile; fileRef = 017A9F9D210A73AB0010396E /* PhotoUpdateManager.swift */; };
		0199A76820FD3CB900B261F6 /* PhotoUploadManager.swift in Sources */ = {isa = PBXBuildFile; fileRef = 0199A76720FD3CB900B261F6 /* PhotoUploadManager.swift */; };
		019D709F20E0022B0087C21C /* AppDelegate.swift in Sources */ = {isa = PBXBuildFile; fileRef = 019D709E20E0022B0087C21C /* AppDelegate.swift */; };
		019D70A120E0022B0087C21C /* PostsViewController.swift in Sources */ = {isa = PBXBuildFile; fileRef = 019D70A020E0022B0087C21C /* PostsViewController.swift */; };
		019D70A720E0022B0087C21C /* PicDrop.xcdatamodeld in Sources */ = {isa = PBXBuildFile; fileRef = 019D70A520E0022B0087C21C /* PicDrop.xcdatamodeld */; };
		019D70A920E0022C0087C21C /* Assets.xcassets in Resources */ = {isa = PBXBuildFile; fileRef = 019D70A820E0022C0087C21C /* Assets.xcassets */; };
		019D70B420E0037B0087C21C /* GoogleService-Info.plist in Resources */ = {isa = PBXBuildFile; fileRef = 019D70B320E0037B0087C21C /* GoogleService-Info.plist */; };
		01D6A77620E1695B00A6863B /* SignInViewController.swift in Sources */ = {isa = PBXBuildFile; fileRef = 01D6A77520E1695B00A6863B /* SignInViewController.swift */; };
		01E75C5A20FE63920029B029 /* LocationManager.swift in Sources */ = {isa = PBXBuildFile; fileRef = 01E75C5920FE63920029B029 /* LocationManager.swift */; };
		01E75C5C20FEC0C10029B029 /* LaunchScreen.storyboard in Resources */ = {isa = PBXBuildFile; fileRef = 01E75C5B20FEC0C10029B029 /* LaunchScreen.storyboard */; };
		A159AA3339D1F7E6872BEA24 /* Pods_PicDrop.framework in Frameworks */ = {isa = PBXBuildFile; fileRef = 5D83E0FB8C831C46FC0AFC8D /* Pods_PicDrop.framework */; };
/* End PBXBuildFile section */

/* Begin PBXFileReference section */
		0107BC66210225B900F170A7 /* Constants.swift */ = {isa = PBXFileReference; lastKnownFileType = sourcecode.swift; path = Constants.swift; sourceTree = "<group>"; };
		0107BC6821026C6600F170A7 /* TinderImageView.swift */ = {isa = PBXFileReference; lastKnownFileType = sourcecode.swift; path = TinderImageView.swift; sourceTree = "<group>"; };
		0107BC6A2102706A00F170A7 /* PostsVC+TinderImageViewDelegate.swift */ = {isa = PBXFileReference; lastKnownFileType = sourcecode.swift; path = "PostsVC+TinderImageViewDelegate.swift"; sourceTree = "<group>"; };
		0107BCA62106774900F170A7 /* SettingsMenu.swift */ = {isa = PBXFileReference; lastKnownFileType = sourcecode.swift; path = SettingsMenu.swift; sourceTree = "<group>"; };
		0107BCA82106822300F170A7 /* MenuSettingCell.swift */ = {isa = PBXFileReference; lastKnownFileType = sourcecode.swift; path = MenuSettingCell.swift; sourceTree = "<group>"; };
		0118117E20FFD7E000CBC258 /* PhotoDownloadManager.swift */ = {isa = PBXFileReference; lastKnownFileType = sourcecode.swift; path = PhotoDownloadManager.swift; sourceTree = "<group>"; };
		011811802101008200CBC258 /* Extensions.swift */ = {isa = PBXFileReference; lastKnownFileType = sourcecode.swift; path = Extensions.swift; sourceTree = "<group>"; };
		011811832101296C00CBC258 /* PostsVC+PhotoDownloadDelegate.swift */ = {isa = PBXFileReference; lastKnownFileType = sourcecode.swift; path = "PostsVC+PhotoDownloadDelegate.swift"; sourceTree = "<group>"; };
		01285A0420E02BCD002CF548 /* TakePictureViewController.swift */ = {isa = PBXFileReference; lastKnownFileType = sourcecode.swift; path = TakePictureViewController.swift; sourceTree = "<group>"; };
		017A9F9D210A73AB0010396E /* PhotoUpdateManager.swift */ = {isa = PBXFileReference; lastKnownFileType = sourcecode.swift; path = PhotoUpdateManager.swift; sourceTree = "<group>"; };
		0199A76720FD3CB900B261F6 /* PhotoUploadManager.swift */ = {isa = PBXFileReference; lastKnownFileType = sourcecode.swift; path = PhotoUploadManager.swift; sourceTree = "<group>"; };
		019D709B20E0022B0087C21C /* PicDrop.app */ = {isa = PBXFileReference; explicitFileType = wrapper.application; includeInIndex = 0; path = PicDrop.app; sourceTree = BUILT_PRODUCTS_DIR; };
		019D709E20E0022B0087C21C /* AppDelegate.swift */ = {isa = PBXFileReference; lastKnownFileType = sourcecode.swift; path = AppDelegate.swift; sourceTree = "<group>"; };
		019D70A020E0022B0087C21C /* PostsViewController.swift */ = {isa = PBXFileReference; lastKnownFileType = sourcecode.swift; path = PostsViewController.swift; sourceTree = "<group>"; };
		019D70A620E0022B0087C21C /* PicDrop.xcdatamodel */ = {isa = PBXFileReference; lastKnownFileType = wrapper.xcdatamodel; path = PicDrop.xcdatamodel; sourceTree = "<group>"; };
		019D70A820E0022C0087C21C /* Assets.xcassets */ = {isa = PBXFileReference; lastKnownFileType = folder.assetcatalog; path = Assets.xcassets; sourceTree = "<group>"; };
		019D70AD20E0022C0087C21C /* Info.plist */ = {isa = PBXFileReference; lastKnownFileType = text.plist.xml; path = Info.plist; sourceTree = "<group>"; };
		019D70B320E0037B0087C21C /* GoogleService-Info.plist */ = {isa = PBXFileReference; fileEncoding = 4; lastKnownFileType = text.plist.xml; path = "GoogleService-Info.plist"; sourceTree = "<group>"; };
		01D6A77520E1695B00A6863B /* SignInViewController.swift */ = {isa = PBXFileReference; lastKnownFileType = sourcecode.swift; path = SignInViewController.swift; sourceTree = "<group>"; };
		01E75C5920FE63920029B029 /* LocationManager.swift */ = {isa = PBXFileReference; lastKnownFileType = sourcecode.swift; path = LocationManager.swift; sourceTree = "<group>"; };
		01E75C5B20FEC0C10029B029 /* LaunchScreen.storyboard */ = {isa = PBXFileReference; lastKnownFileType = file.storyboard; path = LaunchScreen.storyboard; sourceTree = "<group>"; };
		27CC724ED3416975DD334CA4 /* Pods-PicDrop.release.xcconfig */ = {isa = PBXFileReference; includeInIndex = 1; lastKnownFileType = text.xcconfig; name = "Pods-PicDrop.release.xcconfig"; path = "Pods/Target Support Files/Pods-PicDrop/Pods-PicDrop.release.xcconfig"; sourceTree = "<group>"; };
		5D83E0FB8C831C46FC0AFC8D /* Pods_PicDrop.framework */ = {isa = PBXFileReference; explicitFileType = wrapper.framework; includeInIndex = 0; path = Pods_PicDrop.framework; sourceTree = BUILT_PRODUCTS_DIR; };
		9A949E2ECB921CE524322BF2 /* Pods-PicDrop.debug.xcconfig */ = {isa = PBXFileReference; includeInIndex = 1; lastKnownFileType = text.xcconfig; name = "Pods-PicDrop.debug.xcconfig"; path = "Pods/Target Support Files/Pods-PicDrop/Pods-PicDrop.debug.xcconfig"; sourceTree = "<group>"; };
/* End PBXFileReference section */

/* Begin PBXFrameworksBuildPhase section */
		019D709820E0022B0087C21C /* Frameworks */ = {
			isa = PBXFrameworksBuildPhase;
			buildActionMask = 2147483647;
			files = (
				A159AA3339D1F7E6872BEA24 /* Pods_PicDrop.framework in Frameworks */,
			);
			runOnlyForDeploymentPostprocessing = 0;
		};
/* End PBXFrameworksBuildPhase section */

/* Begin PBXGroup section */
		0107BC65210225AF00F170A7 /* Utility */ = {
			isa = PBXGroup;
			children = (
				0107BC66210225B900F170A7 /* Constants.swift */,
			);
			path = Utility;
			sourceTree = "<group>";
		};
		0107BC9C2106759E00F170A7 /* AppDelegate */ = {
			isa = PBXGroup;
			children = (
				019D709E20E0022B0087C21C /* AppDelegate.swift */,
			);
			path = AppDelegate;
			sourceTree = "<group>";
		};
		0107BC9D210675BA00F170A7 /* Controllers */ = {
			isa = PBXGroup;
			children = (
				0107BCA02106761200F170A7 /* SignIn */,
				0107BC9F210675FD00F170A7 /* Posts */,
				0107BCA12106761E00F170A7 /* TakePicture */,
			);
			path = Controllers;
			sourceTree = "<group>";
		};
		0107BC9E210675E200F170A7 /* Posts Extensions */ = {
			isa = PBXGroup;
			children = (
				011811832101296C00CBC258 /* PostsVC+PhotoDownloadDelegate.swift */,
				0107BC6A2102706A00F170A7 /* PostsVC+TinderImageViewDelegate.swift */,
			);
			path = "Posts Extensions";
			sourceTree = "<group>";
		};
		0107BC9F210675FD00F170A7 /* Posts */ = {
			isa = PBXGroup;
			children = (
				019D70A020E0022B0087C21C /* PostsViewController.swift */,
				0107BC9E210675E200F170A7 /* Posts Extensions */,
			);
			path = Posts;
			sourceTree = "<group>";
		};
		0107BCA02106761200F170A7 /* SignIn */ = {
			isa = PBXGroup;
			children = (
				01D6A77520E1695B00A6863B /* SignInViewController.swift */,
			);
			path = SignIn;
			sourceTree = "<group>";
		};
		0107BCA12106761E00F170A7 /* TakePicture */ = {
			isa = PBXGroup;
			children = (
				01285A0420E02BCD002CF548 /* TakePictureViewController.swift */,
			);
			path = TakePicture;
			sourceTree = "<group>";
		};
		0107BCA22106764000F170A7 /* Views */ = {
			isa = PBXGroup;
			children = (
				01E75C5B20FEC0C10029B029 /* LaunchScreen.storyboard */,
				0107BC6821026C6600F170A7 /* TinderImageView.swift */,
				0107BCA62106774900F170A7 /* SettingsMenu.swift */,
				0107BCA82106822300F170A7 /* MenuSettingCell.swift */,
			);
			path = Views;
			sourceTree = "<group>";
		};
		0107BCA32106764800F170A7 /* Singletons */ = {
			isa = PBXGroup;
			children = (
				01E75C5920FE63920029B029 /* LocationManager.swift */,
			);
			path = Singletons;
			sourceTree = "<group>";
		};
		0107BCA42106766000F170A7 /* Models */ = {
			isa = PBXGroup;
			children = (
				019D70A520E0022B0087C21C /* PicDrop.xcdatamodeld */,
			);
			path = Models;
			sourceTree = "<group>";
		};
		0107BCA52106767600F170A7 /* Resources */ = {
			isa = PBXGroup;
			children = (
				019D70A820E0022C0087C21C /* Assets.xcassets */,
				019D70AD20E0022C0087C21C /* Info.plist */,
				019D70B320E0037B0087C21C /* GoogleService-Info.plist */,
			);
			path = Resources;
			sourceTree = "<group>";
		};
		011811822101008600CBC258 /* Extensions */ = {
			isa = PBXGroup;
			children = (
				011811802101008200CBC258 /* Extensions.swift */,
			);
			path = Extensions;
			sourceTree = "<group>";
		};
		0199A76620FD3C9F00B261F6 /* Networking */ = {
			isa = PBXGroup;
			children = (
				0199A76720FD3CB900B261F6 /* PhotoUploadManager.swift */,
				0118117E20FFD7E000CBC258 /* PhotoDownloadManager.swift */,
				017A9F9D210A73AB0010396E /* PhotoUpdateManager.swift */,
			);
			path = Networking;
			sourceTree = "<group>";
		};
		019D709220E0022A0087C21C = {
			isa = PBXGroup;
			children = (
				019D709D20E0022B0087C21C /* PicDrop */,
				019D709C20E0022B0087C21C /* Products */,
				80829EEB6D64C9C625B852D8 /* Pods */,
				A7AC4E376A7C50B3BED4F303 /* Frameworks */,
			);
			sourceTree = "<group>";
		};
		019D709C20E0022B0087C21C /* Products */ = {
			isa = PBXGroup;
			children = (
				019D709B20E0022B0087C21C /* PicDrop.app */,
			);
			name = Products;
			sourceTree = "<group>";
		};
		019D709D20E0022B0087C21C /* PicDrop */ = {
			isa = PBXGroup;
			children = (
				0107BC9C2106759E00F170A7 /* AppDelegate */,
				0107BC9D210675BA00F170A7 /* Controllers */,
				011811822101008600CBC258 /* Extensions */,
				0107BCA42106766000F170A7 /* Models */,
				0199A76620FD3C9F00B261F6 /* Networking */,
				0107BCA52106767600F170A7 /* Resources */,
				0107BCA32106764800F170A7 /* Singletons */,
				0107BC65210225AF00F170A7 /* Utility */,
				0107BCA22106764000F170A7 /* Views */,
			);
			path = PicDrop;
			sourceTree = "<group>";
		};
		80829EEB6D64C9C625B852D8 /* Pods */ = {
			isa = PBXGroup;
			children = (
				9A949E2ECB921CE524322BF2 /* Pods-PicDrop.debug.xcconfig */,
				27CC724ED3416975DD334CA4 /* Pods-PicDrop.release.xcconfig */,
			);
			name = Pods;
			sourceTree = "<group>";
		};
		A7AC4E376A7C50B3BED4F303 /* Frameworks */ = {
			isa = PBXGroup;
			children = (
				5D83E0FB8C831C46FC0AFC8D /* Pods_PicDrop.framework */,
			);
			name = Frameworks;
			sourceTree = "<group>";
		};
/* End PBXGroup section */

/* Begin PBXNativeTarget section */
		019D709A20E0022B0087C21C /* PicDrop */ = {
			isa = PBXNativeTarget;
			buildConfigurationList = 019D70B020E0022C0087C21C /* Build configuration list for PBXNativeTarget "PicDrop" */;
			buildPhases = (
				AB8D42675292B9AB3D77AA59 /* [CP] Check Pods Manifest.lock */,
				019D709720E0022B0087C21C /* Sources */,
				019D709820E0022B0087C21C /* Frameworks */,
				019D709920E0022B0087C21C /* Resources */,
				469231F47F5281B279D858CE /* [CP] Embed Pods Frameworks */,
				4A1EB8FC642458EC3190E50A /* [CP] Copy Pods Resources */,
			);
			buildRules = (
			);
			dependencies = (
			);
			name = PicDrop;
			productName = PicDrop;
			productReference = 019D709B20E0022B0087C21C /* PicDrop.app */;
			productType = "com.apple.product-type.application";
		};
/* End PBXNativeTarget section */

/* Begin PBXProject section */
		019D709320E0022A0087C21C /* Project object */ = {
			isa = PBXProject;
			attributes = {
				LastSwiftUpdateCheck = 0940;
				LastUpgradeCheck = 0940;
				ORGANIZATIONNAME = "Nicholas Rizzo";
				TargetAttributes = {
					019D709A20E0022B0087C21C = {
						CreatedOnToolsVersion = 9.4.1;
					};
				};
			};
			buildConfigurationList = 019D709620E0022A0087C21C /* Build configuration list for PBXProject "PicDrop" */;
			compatibilityVersion = "Xcode 9.3";
			developmentRegion = en;
			hasScannedForEncodings = 0;
			knownRegions = (
				en,
				Base,
			);
			mainGroup = 019D709220E0022A0087C21C;
			productRefGroup = 019D709C20E0022B0087C21C /* Products */;
			projectDirPath = "";
			projectRoot = "";
			targets = (
				019D709A20E0022B0087C21C /* PicDrop */,
			);
		};
/* End PBXProject section */

/* Begin PBXResourcesBuildPhase section */
		019D709920E0022B0087C21C /* Resources */ = {
			isa = PBXResourcesBuildPhase;
			buildActionMask = 2147483647;
			files = (
				01E75C5C20FEC0C10029B029 /* LaunchScreen.storyboard in Resources */,
				019D70B420E0037B0087C21C /* GoogleService-Info.plist in Resources */,
				019D70A920E0022C0087C21C /* Assets.xcassets in Resources */,
			);
			runOnlyForDeploymentPostprocessing = 0;
		};
/* End PBXResourcesBuildPhase section */

/* Begin PBXShellScriptBuildPhase section */
		469231F47F5281B279D858CE /* [CP] Embed Pods Frameworks */ = {
			isa = PBXShellScriptBuildPhase;
			buildActionMask = 2147483647;
			files = (
			);
			inputPaths = (
				"${SRCROOT}/Pods/Target Support Files/Pods-PicDrop/Pods-PicDrop-frameworks.sh",
				"${BUILT_PRODUCTS_DIR}/GTMOAuth2/GTMOAuth2.framework",
				"${BUILT_PRODUCTS_DIR}/GTMSessionFetcher/GTMSessionFetcher.framework",
				"${BUILT_PRODUCTS_DIR}/GoogleToolboxForMac/GoogleToolboxForMac.framework",
				"${BUILT_PRODUCTS_DIR}/leveldb-library/leveldb.framework",
				"${BUILT_PRODUCTS_DIR}/nanopb/nanopb.framework",
			);
			name = "[CP] Embed Pods Frameworks";
			outputPaths = (
				"${TARGET_BUILD_DIR}/${FRAMEWORKS_FOLDER_PATH}/GTMOAuth2.framework",
				"${TARGET_BUILD_DIR}/${FRAMEWORKS_FOLDER_PATH}/GTMSessionFetcher.framework",
				"${TARGET_BUILD_DIR}/${FRAMEWORKS_FOLDER_PATH}/GoogleToolboxForMac.framework",
				"${TARGET_BUILD_DIR}/${FRAMEWORKS_FOLDER_PATH}/leveldb.framework",
				"${TARGET_BUILD_DIR}/${FRAMEWORKS_FOLDER_PATH}/nanopb.framework",
			);
			runOnlyForDeploymentPostprocessing = 0;
			shellPath = /bin/sh;
			shellScript = "\"${SRCROOT}/Pods/Target Support Files/Pods-PicDrop/Pods-PicDrop-frameworks.sh\"\n";
			showEnvVarsInLog = 0;
		};
		4A1EB8FC642458EC3190E50A /* [CP] Copy Pods Resources */ = {
			isa = PBXShellScriptBuildPhase;
			buildActionMask = 2147483647;
			files = (
			);
			inputPaths = (
				"${SRCROOT}/Pods/Target Support Files/Pods-PicDrop/Pods-PicDrop-resources.sh",
				"${PODS_CONFIGURATION_BUILD_DIR}/FirebaseUI/FirebaseAuthUI.bundle",
				"${PODS_CONFIGURATION_BUILD_DIR}/FirebaseUI/FirebaseGoogleAuthUI.bundle",
				"${PODS_CONFIGURATION_BUILD_DIR}/FirebaseUI/FirebasePhoneAuthUI.bundle",
				"${PODS_ROOT}/GoogleSignIn/Resources/GoogleSignIn.bundle",
			);
			name = "[CP] Copy Pods Resources";
			outputPaths = (
				"${TARGET_BUILD_DIR}/${UNLOCALIZED_RESOURCES_FOLDER_PATH}/FirebaseAuthUI.bundle",
				"${TARGET_BUILD_DIR}/${UNLOCALIZED_RESOURCES_FOLDER_PATH}/FirebaseGoogleAuthUI.bundle",
				"${TARGET_BUILD_DIR}/${UNLOCALIZED_RESOURCES_FOLDER_PATH}/FirebasePhoneAuthUI.bundle",
				"${TARGET_BUILD_DIR}/${UNLOCALIZED_RESOURCES_FOLDER_PATH}/GoogleSignIn.bundle",
			);
			runOnlyForDeploymentPostprocessing = 0;
			shellPath = /bin/sh;
			shellScript = "\"${SRCROOT}/Pods/Target Support Files/Pods-PicDrop/Pods-PicDrop-resources.sh\"\n";
			showEnvVarsInLog = 0;
		};
		AB8D42675292B9AB3D77AA59 /* [CP] Check Pods Manifest.lock */ = {
			isa = PBXShellScriptBuildPhase;
			buildActionMask = 2147483647;
			files = (
			);
			inputPaths = (
				"${PODS_PODFILE_DIR_PATH}/Podfile.lock",
				"${PODS_ROOT}/Manifest.lock",
			);
			name = "[CP] Check Pods Manifest.lock";
			outputPaths = (
				"$(DERIVED_FILE_DIR)/Pods-PicDrop-checkManifestLockResult.txt",
			);
			runOnlyForDeploymentPostprocessing = 0;
			shellPath = /bin/sh;
			shellScript = "diff \"${PODS_PODFILE_DIR_PATH}/Podfile.lock\" \"${PODS_ROOT}/Manifest.lock\" > /dev/null\nif [ $? != 0 ] ; then\n    # print error to STDERR\n    echo \"error: The sandbox is not in sync with the Podfile.lock. Run 'pod install' or update your CocoaPods installation.\" >&2\n    exit 1\nfi\n# This output is used by Xcode 'outputs' to avoid re-running this script phase.\necho \"SUCCESS\" > \"${SCRIPT_OUTPUT_FILE_0}\"\n";
			showEnvVarsInLog = 0;
		};
/* End PBXShellScriptBuildPhase section */

/* Begin PBXSourcesBuildPhase section */
		019D709720E0022B0087C21C /* Sources */ = {
			isa = PBXSourcesBuildPhase;
			buildActionMask = 2147483647;
			files = (
				019D70A120E0022B0087C21C /* PostsViewController.swift in Sources */,
				011811812101008200CBC258 /* Extensions.swift in Sources */,
				019D70A720E0022B0087C21C /* PicDrop.xcdatamodeld in Sources */,
				0107BCA92106822300F170A7 /* MenuSettingCell.swift in Sources */,
				0118117F20FFD7E000CBC258 /* PhotoDownloadManager.swift in Sources */,
				011811842101296C00CBC258 /* PostsVC+PhotoDownloadDelegate.swift in Sources */,
				01285A0520E02BCD002CF548 /* TakePictureViewController.swift in Sources */,
				0107BCA72106774900F170A7 /* SettingsMenu.swift in Sources */,
				01E75C5A20FE63920029B029 /* LocationManager.swift in Sources */,
				0107BC6B2102706A00F170A7 /* PostsVC+TinderImageViewDelegate.swift in Sources */,
				01D6A77620E1695B00A6863B /* SignInViewController.swift in Sources */,
				017A9F9E210A73AB0010396E /* PhotoUpdateManager.swift in Sources */,
				019D709F20E0022B0087C21C /* AppDelegate.swift in Sources */,
				0107BC6921026C6600F170A7 /* TinderImageView.swift in Sources */,
				0199A76820FD3CB900B261F6 /* PhotoUploadManager.swift in Sources */,
				0107BC67210225B900F170A7 /* Constants.swift in Sources */,
			);
			runOnlyForDeploymentPostprocessing = 0;
		};
/* End PBXSourcesBuildPhase section */

/* Begin XCBuildConfiguration section */
		019D70AE20E0022C0087C21C /* Debug */ = {
			isa = XCBuildConfiguration;
			buildSettings = {
				ALWAYS_SEARCH_USER_PATHS = NO;
				CLANG_ANALYZER_NONNULL = YES;
				CLANG_ANALYZER_NUMBER_OBJECT_CONVERSION = YES_AGGRESSIVE;
				CLANG_CXX_LANGUAGE_STANDARD = "gnu++14";
				CLANG_CXX_LIBRARY = "libc++";
				CLANG_ENABLE_MODULES = YES;
				CLANG_ENABLE_OBJC_ARC = YES;
				CLANG_ENABLE_OBJC_WEAK = YES;
				CLANG_WARN_BLOCK_CAPTURE_AUTORELEASING = YES;
				CLANG_WARN_BOOL_CONVERSION = YES;
				CLANG_WARN_COMMA = YES;
				CLANG_WARN_CONSTANT_CONVERSION = YES;
				CLANG_WARN_DEPRECATED_OBJC_IMPLEMENTATIONS = YES;
				CLANG_WARN_DIRECT_OBJC_ISA_USAGE = YES_ERROR;
				CLANG_WARN_DOCUMENTATION_COMMENTS = YES;
				CLANG_WARN_EMPTY_BODY = YES;
				CLANG_WARN_ENUM_CONVERSION = YES;
				CLANG_WARN_INFINITE_RECURSION = YES;
				CLANG_WARN_INT_CONVERSION = YES;
				CLANG_WARN_NON_LITERAL_NULL_CONVERSION = YES;
				CLANG_WARN_OBJC_IMPLICIT_RETAIN_SELF = YES;
				CLANG_WARN_OBJC_LITERAL_CONVERSION = YES;
				CLANG_WARN_OBJC_ROOT_CLASS = YES_ERROR;
				CLANG_WARN_RANGE_LOOP_ANALYSIS = YES;
				CLANG_WARN_STRICT_PROTOTYPES = YES;
				CLANG_WARN_SUSPICIOUS_MOVE = YES;
				CLANG_WARN_UNGUARDED_AVAILABILITY = YES_AGGRESSIVE;
				CLANG_WARN_UNREACHABLE_CODE = YES;
				CLANG_WARN__DUPLICATE_METHOD_MATCH = YES;
				CODE_SIGN_IDENTITY = "iPhone Developer";
				COPY_PHASE_STRIP = NO;
				DEBUG_INFORMATION_FORMAT = dwarf;
				ENABLE_STRICT_OBJC_MSGSEND = YES;
				ENABLE_TESTABILITY = YES;
				GCC_C_LANGUAGE_STANDARD = gnu11;
				GCC_DYNAMIC_NO_PIC = NO;
				GCC_NO_COMMON_BLOCKS = YES;
				GCC_OPTIMIZATION_LEVEL = 0;
				GCC_PREPROCESSOR_DEFINITIONS = (
					"DEBUG=1",
					"$(inherited)",
				);
				GCC_WARN_64_TO_32_BIT_CONVERSION = YES;
				GCC_WARN_ABOUT_RETURN_TYPE = YES_ERROR;
				GCC_WARN_UNDECLARED_SELECTOR = YES;
				GCC_WARN_UNINITIALIZED_AUTOS = YES_AGGRESSIVE;
				GCC_WARN_UNUSED_FUNCTION = YES;
				GCC_WARN_UNUSED_VARIABLE = YES;
				IPHONEOS_DEPLOYMENT_TARGET = 11.4;
				MTL_ENABLE_DEBUG_INFO = YES;
				ONLY_ACTIVE_ARCH = YES;
				SDKROOT = iphoneos;
				SWIFT_ACTIVE_COMPILATION_CONDITIONS = DEBUG;
				SWIFT_OPTIMIZATION_LEVEL = "-Onone";
			};
			name = Debug;
		};
		019D70AF20E0022C0087C21C /* Release */ = {
			isa = XCBuildConfiguration;
			buildSettings = {
				ALWAYS_SEARCH_USER_PATHS = NO;
				CLANG_ANALYZER_NONNULL = YES;
				CLANG_ANALYZER_NUMBER_OBJECT_CONVERSION = YES_AGGRESSIVE;
				CLANG_CXX_LANGUAGE_STANDARD = "gnu++14";
				CLANG_CXX_LIBRARY = "libc++";
				CLANG_ENABLE_MODULES = YES;
				CLANG_ENABLE_OBJC_ARC = YES;
				CLANG_ENABLE_OBJC_WEAK = YES;
				CLANG_WARN_BLOCK_CAPTURE_AUTORELEASING = YES;
				CLANG_WARN_BOOL_CONVERSION = YES;
				CLANG_WARN_COMMA = YES;
				CLANG_WARN_CONSTANT_CONVERSION = YES;
				CLANG_WARN_DEPRECATED_OBJC_IMPLEMENTATIONS = YES;
				CLANG_WARN_DIRECT_OBJC_ISA_USAGE = YES_ERROR;
				CLANG_WARN_DOCUMENTATION_COMMENTS = YES;
				CLANG_WARN_EMPTY_BODY = YES;
				CLANG_WARN_ENUM_CONVERSION = YES;
				CLANG_WARN_INFINITE_RECURSION = YES;
				CLANG_WARN_INT_CONVERSION = YES;
				CLANG_WARN_NON_LITERAL_NULL_CONVERSION = YES;
				CLANG_WARN_OBJC_IMPLICIT_RETAIN_SELF = YES;
				CLANG_WARN_OBJC_LITERAL_CONVERSION = YES;
				CLANG_WARN_OBJC_ROOT_CLASS = YES_ERROR;
				CLANG_WARN_RANGE_LOOP_ANALYSIS = YES;
				CLANG_WARN_STRICT_PROTOTYPES = YES;
				CLANG_WARN_SUSPICIOUS_MOVE = YES;
				CLANG_WARN_UNGUARDED_AVAILABILITY = YES_AGGRESSIVE;
				CLANG_WARN_UNREACHABLE_CODE = YES;
				CLANG_WARN__DUPLICATE_METHOD_MATCH = YES;
				CODE_SIGN_IDENTITY = "iPhone Developer";
				COPY_PHASE_STRIP = NO;
				DEBUG_INFORMATION_FORMAT = "dwarf-with-dsym";
				ENABLE_NS_ASSERTIONS = NO;
				ENABLE_STRICT_OBJC_MSGSEND = YES;
				GCC_C_LANGUAGE_STANDARD = gnu11;
				GCC_NO_COMMON_BLOCKS = YES;
				GCC_WARN_64_TO_32_BIT_CONVERSION = YES;
				GCC_WARN_ABOUT_RETURN_TYPE = YES_ERROR;
				GCC_WARN_UNDECLARED_SELECTOR = YES;
				GCC_WARN_UNINITIALIZED_AUTOS = YES_AGGRESSIVE;
				GCC_WARN_UNUSED_FUNCTION = YES;
				GCC_WARN_UNUSED_VARIABLE = YES;
				IPHONEOS_DEPLOYMENT_TARGET = 11.4;
				MTL_ENABLE_DEBUG_INFO = NO;
				SDKROOT = iphoneos;
				SWIFT_COMPILATION_MODE = wholemodule;
				SWIFT_OPTIMIZATION_LEVEL = "-O";
				VALIDATE_PRODUCT = YES;
			};
			name = Release;
		};
		019D70B120E0022C0087C21C /* Debug */ = {
			isa = XCBuildConfiguration;
			baseConfigurationReference = 9A949E2ECB921CE524322BF2 /* Pods-PicDrop.debug.xcconfig */;
			buildSettings = {
				ASSETCATALOG_COMPILER_APPICON_NAME = AppIcon;
				CODE_SIGN_STYLE = Automatic;
				DEVELOPMENT_TEAM = GMKUUDGR73;
				INFOPLIST_FILE = "$(SRCROOT)/PicDrop/Resources/Info.plist";
				LD_RUNPATH_SEARCH_PATHS = (
					"$(inherited)",
					"@executable_path/Frameworks",
				);
				PRODUCT_BUNDLE_IDENTIFIER = com.AdriftingUp.PicDrop;
				PRODUCT_NAME = "$(TARGET_NAME)";
				SWIFT_VERSION = 4.0;
				TARGETED_DEVICE_FAMILY = "1,2";
			};
			name = Debug;
		};
		019D70B220E0022C0087C21C /* Release */ = {
			isa = XCBuildConfiguration;
			baseConfigurationReference = 27CC724ED3416975DD334CA4 /* Pods-PicDrop.release.xcconfig */;
			buildSettings = {
				ASSETCATALOG_COMPILER_APPICON_NAME = AppIcon;
				CODE_SIGN_STYLE = Automatic;
				DEVELOPMENT_TEAM = GMKUUDGR73;
				INFOPLIST_FILE = "$(SRCROOT)/PicDrop/Resources/Info.plist";
				LD_RUNPATH_SEARCH_PATHS = (
					"$(inherited)",
					"@executable_path/Frameworks",
				);
				PRODUCT_BUNDLE_IDENTIFIER = com.AdriftingUp.PicDrop;
				PRODUCT_NAME = "$(TARGET_NAME)";
				SWIFT_VERSION = 4.0;
				TARGETED_DEVICE_FAMILY = "1,2";
			};
			name = Release;
		};
/* End XCBuildConfiguration section */

/* Begin XCConfigurationList section */
		019D709620E0022A0087C21C /* Build configuration list for PBXProject "PicDrop" */ = {
			isa = XCConfigurationList;
			buildConfigurations = (
				019D70AE20E0022C0087C21C /* Debug */,
				019D70AF20E0022C0087C21C /* Release */,
			);
			defaultConfigurationIsVisible = 0;
			defaultConfigurationName = Release;
		};
		019D70B020E0022C0087C21C /* Build configuration list for PBXNativeTarget "PicDrop" */ = {
			isa = XCConfigurationList;
			buildConfigurations = (
				019D70B120E0022C0087C21C /* Debug */,
				019D70B220E0022C0087C21C /* Release */,
			);
			defaultConfigurationIsVisible = 0;
			defaultConfigurationName = Release;
		};
/* End XCConfigurationList section */

/* Begin XCVersionGroup section */
		019D70A520E0022B0087C21C /* PicDrop.xcdatamodeld */ = {
			isa = XCVersionGroup;
			children = (
				019D70A620E0022B0087C21C /* PicDrop.xcdatamodel */,
			);
			currentVersion = 019D70A620E0022B0087C21C /* PicDrop.xcdatamodel */;
			path = PicDrop.xcdatamodeld;
			sourceTree = "<group>";
			versionGroupType = wrapper.xcdatamodel;
		};
/* End XCVersionGroup section */
	};
	rootObject = 019D709320E0022A0087C21C /* Project object */;
}
